
Microsoft Visual Studio Solution File, Format Version 12.00
# Visual Studio Version 17
VisualStudioVersion = 17.0.32112.339
MinimumVisualStudioVersion = 10.0.40219.1
Project("{FAE04EC0-301F-11D3-BF4B-00C04F79EFBC}") = "AnnouncementApp", "AnnouncementApp.csproj", "{44EA4376-F51F-4FBA-A6C2-9DD66370315E}"
EndProject
Global
	GlobalSection(SolutionConfigurationPlatforms) = preSolution
		Debug|Any CPU = Debug|Any CPU
		Release|Any CPU = Release|Any CPU
	EndGlobalSection
	GlobalSection(ProjectConfigurationPlatforms) = postSolution
		{44EA4376-F51F-4FBA-A6C2-9DD66370315E}.Debug|Any CPU.ActiveCfg = Debug|Any CPU
		{44EA4376-F51F-4FBA-A6C2-9DD66370315E}.Debug|Any CPU.Build.0 = Debug|Any CPU
		{44EA4376-F51F-4FBA-A6C2-9DD66370315E}.Release|Any CPU.ActiveCfg = Release|Any CPU
		{44EA4376-F51F-4FBA-A6C2-9DD66370315E}.Release|Any CPU.Build.0 = Release|Any CPU
	EndGlobalSection
	GlobalSection(SolutionProperties) = preSolution
		HideSolutionNode = FALSE
	EndGlobalSection
	GlobalSection(ExtensibilityGlobals) = postSolution
		SolutionGuid = {9C0EFA88-685B-48CC-BDD7-2023EF7A2D97}
	EndGlobalSection
EndGlobal
